// !$*UTF8*$!
{
	archiveVersion = 1;
	classes = {
	};
	objectVersion = 77;
	objects = {

/* Begin PBXBuildFile section */
		D87A72302F86BE990088A5BE /* Category.swift in Sources */ = {isa = PBXBuildFile; fileRef = D87A72152F86BE990088A5BE /* Category.swift */; };
		D87A72312F86BE990088A5BE /* SettingsView.swift in Sources */ = {isa = PBXBuildFile; fileRef = D87A722D2F86BE990088A5BE /* SettingsView.swift */; };
		D87A72322F86BE990088A5BE /* DashboardView.swift in Sources */ = {isa = PBXBuildFile; fileRef = D87A72262F86BE990088A5BE /* DashboardView.swift */; };
		D87A72332F86BE990088A5BE /* Persistence.swift in Sources */ = {isa = PBXBuildFile; fileRef = D87A72182F86BE990088A5BE /* Persistence.swift */; };
		D87A72342F86BE990088A5BE /* ChatView.swift in Sources */ = {isa = PBXBuildFile; fileRef = D87A72222F86BE990088A5BE /* ChatView.swift */; };
		D87A72352F86BE990088A5BE /* ExpenseListView.swift in Sources */ = {isa = PBXBuildFile; fileRef = D87A72292F86BE990088A5BE /* ExpenseListView.swift */; };
		D87A72362F86BE990088A5BE /* MainTabView.swift in Sources */ = {isa = PBXBuildFile; fileRef = D87A722C2F86BE990088A5BE /* MainTabView.swift */; };
		D87A72372F86BE990088A5BE /* Expense+CoreData.swift in Sources */ = {isa = PBXBuildFile; fileRef = D87A72162F86BE990088A5BE /* Expense+CoreData.swift */; };
		D87A72382F86BE990088A5BE /* LockView.swift in Sources */ = {isa = PBXBuildFile; fileRef = D87A72242F86BE990088A5BE /* LockView.swift */; };
		D87A72392F86BE990088A5BE /* CategorizationService.swift in Sources */ = {isa = PBXBuildFile; fileRef = D87A721D2F86BE990088A5BE /* CategorizationService.swift */; };
		D87A723A2F86BE990088A5BE /* AIFinanceCoachApp.swift in Sources */ = {isa = PBXBuildFile; fileRef = D87A72132F86BE990088A5BE /* AIFinanceCoachApp.swift */; };
		D87A723B2F86BE990088A5BE /* AIFinanceCoach.xcdatamodeld in Sources */ = {isa = PBXBuildFile; fileRef = D87A721A2F86BE990088A5BE /* AIFinanceCoach.xcdatamodeld */; };
		D87A723C2F86BE990088A5BE /* AddExpenseView.swift in Sources */ = {isa = PBXBuildFile; fileRef = D87A72282F86BE990088A5BE /* AddExpenseView.swift */; };
		D87A723D2F86BE990088A5BE /* FinanceViewModel.swift in Sources */ = {isa = PBXBuildFile; fileRef = D87A72202F86BE990088A5BE /* FinanceViewModel.swift */; };
		D87A723E2F86BE990088A5BE /* AIInsightsService.swift in Sources */ = {isa = PBXBuildFile; fileRef = D87A721C2F86BE990088A5BE /* AIInsightsService.swift */; };
		D87A723F2F86BE990088A5BE /* ChatService.swift in Sources */ = {isa = PBXBuildFile; fileRef = D87A721E2F86BE990088A5BE /* ChatService.swift */; };
/* End PBXBuildFile section */

/* Begin PBXContainerItemProxy section */
		D87A71F72F86BE3A0088A5BE /* PBXContainerItemProxy */ = {
			isa = PBXContainerItemProxy;
			containerPortal = D87A71E12F86BE380088A5BE /* Project object */;
			proxyType = 1;
			remoteGlobalIDString = D87A71E82F86BE380088A5BE;
			remoteInfo = AIFinanceCoach;
		};
		D87A72012F86BE3A0088A5BE /* PBXContainerItemProxy */ = {
			isa = PBXContainerItemProxy;
			containerPortal = D87A71E12F86BE380088A5BE /* Project object */;
			proxyType = 1;
			remoteGlobalIDString = D87A71E82F86BE380088A5BE;
			remoteInfo = AIFinanceCoach;
		};
/* End PBXContainerItemProxy section */

/* Begin PBXFileReference section */
		D87A71E92F86BE380088A5BE /* AIFinanceCoach.app */ = {isa = PBXFileReference; explicitFileType = wrapper.application; includeInIndex = 0; name = AIFinanceCoach.app; path = "/Users/mohammedsafiqnishar/Documents/AI FInance App/AIFinanceCoach/build/Debug-iphoneos/AIFinanceCoach.app"; sourceTree = "<absolute>"; };
		D87A71F62F86BE3A0088A5BE /* AIFinanceCoachTests.xctest */ = {isa = PBXFileReference; explicitFileType = wrapper.cfbundle; includeInIndex = 0; name = AIFinanceCoachTests.xctest; path = "/Users/mohammedsafiqnishar/Documents/AI FInance App/AIFinanceCoach/build/Debug-iphoneos/AIFinanceCoach.app/PlugIns/AIFinanceCoachTests.xctest"; sourceTree = "<absolute>"; };
		D87A72002F86BE3A0088A5BE /* AIFinanceCoachUITests.xctest */ = {isa = PBXFileReference; explicitFileType = wrapper.cfbundle; includeInIndex = 0; name = AIFinanceCoachUITests.xctest; path = "/Users/mohammedsafiqnishar/Documents/AI FInance App/AIFinanceCoach/build/Debug-iphoneos/AIFinanceCoachUITests-Runner.app/PlugIns/AIFinanceCoachUITests.xctest"; sourceTree = "<absolute>"; };
		D87A72132F86BE990088A5BE /* AIFinanceCoachApp.swift */ = {isa = PBXFileReference; lastKnownFileType = sourcecode.swift; path = AIFinanceCoachApp.swift; sourceTree = "<group>"; };
		D87A72152F86BE990088A5BE /* Category.swift */ = {isa = PBXFileReference; lastKnownFileType = sourcecode.swift; path = Category.swift; sourceTree = "<group>"; };
		D87A72162F86BE990088A5BE /* Expense+CoreData.swift */ = {isa = PBXFileReference; lastKnownFileType = sourcecode.swift; path = "Expense+CoreData.swift"; sourceTree = "<group>"; };
		D87A72182F86BE990088A5BE /* Persistence.swift */ = {isa = PBXFileReference; lastKnownFileType = sourcecode.swift; path = Persistence.swift; sourceTree = "<group>"; };
		D87A721C2F86BE990088A5BE /* AIInsightsService.swift */ = {isa = PBXFileReference; lastKnownFileType = sourcecode.swift; path = AIInsightsService.swift; sourceTree = "<group>"; };
		D87A721D2F86BE990088A5BE /* CategorizationService.swift */ = {isa = PBXFileReference; lastKnownFileType = sourcecode.swift; path = CategorizationService.swift; sourceTree = "<group>"; };
		D87A721E2F86BE990088A5BE /* ChatService.swift */ = {isa = PBXFileReference; lastKnownFileType = sourcecode.swift; path = ChatService.swift; sourceTree = "<group>"; };
		D87A72202F86BE990088A5BE /* FinanceViewModel.swift */ = {isa = PBXFileReference; lastKnownFileType = sourcecode.swift; path = FinanceViewModel.swift; sourceTree = "<group>"; };
		D87A72222F86BE990088A5BE /* ChatView.swift */ = {isa = PBXFileReference; lastKnownFileType = sourcecode.swift; path = ChatView.swift; sourceTree = "<group>"; };
		D87A72242F86BE990088A5BE /* LockView.swift */ = {isa = PBXFileReference; lastKnownFileType = sourcecode.swift; path = LockView.swift; sourceTree = "<group>"; };
		D87A72262F86BE990088A5BE /* DashboardView.swift */ = {isa = PBXFileReference; lastKnownFileType = sourcecode.swift; path = DashboardView.swift; sourceTree = "<group>"; };
		D87A72282F86BE990088A5BE /* AddExpenseView.swift */ = {isa = PBXFileReference; lastKnownFileType = sourcecode.swift; path = AddExpenseView.swift; sourceTree = "<group>"; };
		D87A72292F86BE990088A5BE /* ExpenseListView.swift */ = {isa = PBXFileReference; lastKnownFileType = sourcecode.swift; path = ExpenseListView.swift; sourceTree = "<group>"; };
		D87A722C2F86BE990088A5BE /* MainTabView.swift */ = {isa = PBXFileReference; lastKnownFileType = sourcecode.swift; path = MainTabView.swift; sourceTree = "<group>"; };
		D87A722D2F86BE990088A5BE /* SettingsView.swift */ = {isa = PBXFileReference; lastKnownFileType = sourcecode.swift; path = SettingsView.swift; sourceTree = "<group>"; };
		D87A722F2F86BE990088A5BE /* AIFinanceCoach.xcdatamodel */ = {isa = PBXFileReference; lastKnownFileType = wrapper.xcdatamodel; path = AIFinanceCoach.xcdatamodel; sourceTree = "<group>"; };
/* End PBXFileReference section */

/* Begin PBXFrameworksBuildPhase section */
		D87A71E62F86BE380088A5BE /* Frameworks */ = {
			isa = PBXFrameworksBuildPhase;
			buildActionMask = 2147483647;
			files = (
			);
			runOnlyForDeploymentPostprocessing = 0;
		};
		D87A71F32F86BE3A0088A5BE /* Frameworks */ = {
			isa = PBXFrameworksBuildPhase;
			buildActionMask = 2147483647;
			files = (
			);
			runOnlyForDeploymentPostprocessing = 0;
		};
		D87A71FD2F86BE3A0088A5BE /* Frameworks */ = {
			isa = PBXFrameworksBuildPhase;
			buildActionMask = 2147483647;
			files = (
			);
			runOnlyForDeploymentPostprocessing = 0;
		};
/* End PBXFrameworksBuildPhase section */

/* Begin PBXGroup section */
		D87A71E02F86BE380088A5BE = {
			isa = PBXGroup;
			children = (
				D87A72142F86BE990088A5BE /* App */,
				D87A72172F86BE990088A5BE /* Models */,
				D87A72192F86BE990088A5BE /* Persistence */,
				D87A721B2F86BE990088A5BE /* Resources */,
				D87A721F2F86BE990088A5BE /* Services */,
				D87A72212F86BE990088A5BE /* ViewModels */,
				D87A722E2F86BE990088A5BE /* Views */,
			);
			sourceTree = "<group>";
		};
		D87A72142F86BE990088A5BE /* App */ = {
			isa = PBXGroup;
			children = (
				D87A72132F86BE990088A5BE /* AIFinanceCoachApp.swift */,
			);
			path = App;
			sourceTree = "<group>";
		};
		D87A72172F86BE990088A5BE /* Models */ = {
			isa = PBXGroup;
			children = (
				D87A72152F86BE990088A5BE /* Category.swift */,
				D87A72162F86BE990088A5BE /* Expense+CoreData.swift */,
			);
			path = Models;
			sourceTree = "<group>";
		};
		D87A72192F86BE990088A5BE /* Persistence */ = {
			isa = PBXGroup;
			children = (
				D87A72182F86BE990088A5BE /* Persistence.swift */,
			);
			path = Persistence;
			sourceTree = "<group>";
		};
		D87A721B2F86BE990088A5BE /* Resources */ = {
			isa = PBXGroup;
			children = (
				D87A721A2F86BE990088A5BE /* AIFinanceCoach.xcdatamodeld */,
			);
			path = Resources;
			sourceTree = "<group>";
		};
		D87A721F2F86BE990088A5BE /* Services */ = {
			isa = PBXGroup;
			children = (
				D87A721C2F86BE990088A5BE /* AIInsightsService.swift */,
				D87A721D2F86BE990088A5BE /* CategorizationService.swift */,
				D87A721E2F86BE990088A5BE /* ChatService.swift */,
			);
			path = Services;
			sourceTree = "<group>";
		};
		D87A72212F86BE990088A5BE /* ViewModels */ = {
			isa = PBXGroup;
			children = (
				D87A72202F86BE990088A5BE /* FinanceViewModel.swift */,
			);
			path = ViewModels;
			sourceTree = "<group>";
		};
		D87A72232F86BE990088A5BE /* Chat */ = {
			isa = PBXGroup;
			children = (
				D87A72222F86BE990088A5BE /* ChatView.swift */,
			);
			path = Chat;
			sourceTree = "<group>";
		};
		D87A72252F86BE990088A5BE /* Components */ = {
			isa = PBXGroup;
			children = (
				D87A72242F86BE990088A5BE /* LockView.swift */,
			);
			path = Components;
			sourceTree = "<group>";
		};
		D87A72272F86BE990088A5BE /* Dashboard */ = {
			isa = PBXGroup;
			children = (
				D87A72262F86BE990088A5BE /* DashboardView.swift */,
			);
			path = Dashboard;
			sourceTree = "<group>";
		};
		D87A722A2F86BE990088A5BE /* Expenses */ = {
			isa = PBXGroup;
			children = (
				D87A72282F86BE990088A5BE /* AddExpenseView.swift */,
				D87A72292F86BE990088A5BE /* ExpenseListView.swift */,
			);
			path = Expenses;
			sourceTree = "<group>";
		};
		D87A722B2F86BE990088A5BE /* Insights */ = {
			isa = PBXGroup;
			children = (
			);
			path = Insights;
			sourceTree = "<group>";
		};
		D87A722E2F86BE990088A5BE /* Views */ = {
			isa = PBXGroup;
			children = (
				D87A72232F86BE990088A5BE /* Chat */,
				D87A72252F86BE990088A5BE /* Components */,
				D87A72272F86BE990088A5BE /* Dashboard */,
				D87A722A2F86BE990088A5BE /* Expenses */,
				D87A722B2F86BE990088A5BE /* Insights */,
				D87A722C2F86BE990088A5BE /* MainTabView.swift */,
				D87A722D2F86BE990088A5BE /* SettingsView.swift */,
			);
			path = Views;
			sourceTree = "<group>";
		};
/* End PBXGroup section */

/* Begin PBXNativeTarget section */
		D87A71E82F86BE380088A5BE /* AIFinanceCoach */ = {
			isa = PBXNativeTarget;
			buildConfigurationList = D87A720A2F86BE3A0088A5BE /* Build configuration list for PBXNativeTarget "AIFinanceCoach" */;
			buildPhases = (
				D87A71E52F86BE380088A5BE /* Sources */,
				D87A71E62F86BE380088A5BE /* Frameworks */,
				D87A71E72F86BE380088A5BE /* Resources */,
			);
			buildRules = (
			);
			dependencies = (
			);
			name = AIFinanceCoach;
			packageProductDependencies = (
			);
			productName = AIFinanceCoach;
			productReference = D87A71E92F86BE380088A5BE /* AIFinanceCoach.app */;
			productType = "com.apple.product-type.application";
		};
		D87A71F52F86BE3A0088A5BE /* AIFinanceCoachTests */ = {
			isa = PBXNativeTarget;
			buildConfigurationList = D87A720D2F86BE3A0088A5BE /* Build configuration list for PBXNativeTarget "AIFinanceCoachTests" */;
			buildPhases = (
				D87A71F22F86BE3A0088A5BE /* Sources */,
				D87A71F32F86BE3A0088A5BE /* Frameworks */,
				D87A71F42F86BE3A0088A5BE /* Resources */,
			);
			buildRules = (
			);
			dependencies = (
				D87A71F82F86BE3A0088A5BE /* PBXTargetDependency */,
			);
			name = AIFinanceCoachTests;
			packageProductDependencies = (
			);
			productName = AIFinanceCoachTests;
			productReference = D87A71F62F86BE3A0088A5BE /* AIFinanceCoachTests.xctest */;
			productType = "com.apple.product-type.bundle.unit-test";
		};
		D87A71FF2F86BE3A0088A5BE /* AIFinanceCoachUITests */ = {
			isa = PBXNativeTarget;
			buildConfigurationList = D87A72102F86BE3A0088A5BE /* Build configuration list for PBXNativeTarget "AIFinanceCoachUITests" */;
			buildPhases = (
				D87A71FC2F86BE3A0088A5BE /* Sources */,
				D87A71FD2F86BE3A0088A5BE /* Frameworks */,
				D87A71FE2F86BE3A0088A5BE /* Resources */,
			);
			buildRules = (
			);
			dependencies = (
				D87A72022F86BE3A0088A5BE /* PBXTargetDependency */,
			);
			name = AIFinanceCoachUITests;
			packageProductDependencies = (
			);
			productName = AIFinanceCoachUITests;
			productReference = D87A72002F86BE3A0088A5BE /* AIFinanceCoachUITests.xctest */;
			productType = "com.apple.product-type.bundle.ui-testing";
		};
/* End PBXNativeTarget section */

/* Begin PBXProject section */
		D87A71E12F86BE380088A5BE /* Project object */ = {
			isa = PBXProject;
			attributes = {
				BuildIndependentTargetsInParallel = 1;
				LastSwiftUpdateCheck = 2600;
				LastUpgradeCheck = 2600;
				TargetAttributes = {
					D87A71E82F86BE380088A5BE = {
						CreatedOnToolsVersion = 26.0.1;
					};
					D87A71F52F86BE3A0088A5BE = {
						CreatedOnToolsVersion = 26.0.1;
						TestTargetID = D87A71E82F86BE380088A5BE;
					};
					D87A71FF2F86BE3A0088A5BE = {
						CreatedOnToolsVersion = 26.0.1;
						TestTargetID = D87A71E82F86BE380088A5BE;
					};
				};
			};
			buildConfigurationList = D87A71E42F86BE380088A5BE /* Build configuration list for PBXProject "AIFinanceCoach" */;
			developmentRegion = en;
			hasScannedForEncodings = 0;
			knownRegions = (
				en,
				Base,
			);
			mainGroup = D87A71E02F86BE380088A5BE;
			minimizedProjectReferenceProxies = 1;
			preferredProjectObjectVersion = 77;
			productRefGroup = D87A71E02F86BE380088A5BE;
			projectDirPath = "";
			projectRoot = "";
			targets = (
				D87A71E82F86BE380088A5BE /* AIFinanceCoach */,
				D87A71F52F86BE3A0088A5BE /* AIFinanceCoachTests */,
				D87A71FF2F86BE3A0088A5BE /* AIFinanceCoachUITests */,
			);
		};
/* End PBXProject section */

/* Begin PBXResourcesBuildPhase section */
		D87A71E72F86BE380088A5BE /* Resources */ = {
			isa = PBXResourcesBuildPhase;
			buildActionMask = 2147483647;
			files = (
			);
			runOnlyForDeploymentPostprocessing = 0;
		};
		D87A71F42F86BE3A0088A5BE /* Resources */ = {
			isa = PBXResourcesBuildPhase;
			buildActionMask = 2147483647;
			files = (
			);
			runOnlyForDeploymentPostprocessing = 0;
		};
		D87A71FE2F86BE3A0088A5BE /* Resources */ = {
			isa = PBXResourcesBuildPhase;
			buildActionMask = 2147483647;
			files = (
			);
			runOnlyForDeploymentPostprocessing = 0;
		};
/* End PBXResourcesBuildPhase section */

/* Begin PBXSourcesBuildPhase section */
		D87A71E52F86BE380088A5BE /* Sources */ = {
			isa = PBXSourcesBuildPhase;
			buildActionMask = 2147483647;
			files = (
				D87A72302F86BE990088A5BE /* Category.swift in Sources */,
				D87A72312F86BE990088A5BE /* SettingsView.swift in Sources */,
				D87A72322F86BE990088A5BE /* DashboardView.swift in Sources */,
				D87A72332F86BE990088A5BE /* Persistence.swift in Sources */,
				D87A72342F86BE990088A5BE /* ChatView.swift in Sources */,
				D87A72352F86BE990088A5BE /* ExpenseListView.swift in Sources */,
				D87A72362F86BE990088A5BE /* MainTabView.swift in Sources */,
				D87A72372F86BE990088A5BE /* Expense+CoreData.swift in Sources */,
				D87A72382F86BE990088A5BE /* LockView.swift in Sources */,
				D87A72392F86BE990088A5BE /* CategorizationService.swift in Sources */,
				D87A723A2F86BE990088A5BE /* AIFinanceCoachApp.swift in Sources */,
				D87A723B2F86BE990088A5BE /* AIFinanceCoach.xcdatamodeld in Sources */,
				D87A723C2F86BE990088A5BE /* AddExpenseView.swift in Sources */,
				D87A723D2F86BE990088A5BE /* FinanceViewModel.swift in Sources */,
				D87A723E2F86BE990088A5BE /* AIInsightsService.swift in Sources */,
				D87A723F2F86BE990088A5BE /* ChatService.swift in Sources */,
			);
			runOnlyForDeploymentPostprocessing = 0;
		};
		D87A71F22F86BE3A0088A5BE /* Sources */ = {
			isa = PBXSourcesBuildPhase;
			buildActionMask = 2147483647;
			files = (
			);
			runOnlyForDeploymentPostprocessing = 0;
		};
		D87A71FC2F86BE3A0088A5BE /* Sources */ = {
			isa = PBXSourcesBuildPhase;
			buildActionMask = 2147483647;
			files = (
			);
			runOnlyForDeploymentPostprocessing = 0;
		};
/* End PBXSourcesBuildPhase section */

/* Begin PBXTargetDependency section */
		D87A71F82F86BE3A0088A5BE /* PBXTargetDependency */ = {
			isa = PBXTargetDependency;
			target = D87A71E82F86BE380088A5BE /* AIFinanceCoach */;
			targetProxy = D87A71F72F86BE3A0088A5BE /* PBXContainerItemProxy */;
		};
		D87A72022F86BE3A0088A5BE /* PBXTargetDependency */ = {
			isa = PBXTargetDependency;
			target = D87A71E82F86BE380088A5BE /* AIFinanceCoach */;
			targetProxy = D87A72012F86BE3A0088A5BE /* PBXContainerItemProxy */;
		};
/* End PBXTargetDependency section */

/* Begin XCBuildConfiguration section */
		D87A72082F86BE3A0088A5BE /* Debug */ = {
			isa = XCBuildConfiguration;
			buildSettings = {
				ALWAYS_SEARCH_USER_PATHS = NO;
				ASSETCATALOG_COMPILER_GENERATE_SWIFT_ASSET_SYMBOL_EXTENSIONS = YES;
				CLANG_ANALYZER_NONNULL = YES;
				CLANG_ANALYZER_NUMBER_OBJECT_CONVERSION = YES_AGGRESSIVE;
				CLANG_CXX_LANGUAGE_STANDARD = "gnu++20";
				CLANG_ENABLE_MODULES = YES;
				CLANG_ENABLE_OBJC_ARC = YES;
				CLANG_ENABLE_OBJC_WEAK = YES;
				CLANG_WARN_BLOCK_CAPTURE_AUTORELEASING = YES;
				CLANG_WARN_BOOL_CONVERSION = YES;
				CLANG_WARN_COMMA = YES;
				CLANG_WARN_CONSTANT_CONVERSION = YES;
				CLANG_WARN_DEPRECATED_OBJC_IMPLEMENTATIONS = YES;
				CLANG_WARN_DIRECT_OBJC_ISA_USAGE = YES_ERROR;
				CLANG_WARN_DOCUMENTATION_COMMENTS = YES;
				CLANG_WARN_EMPTY_BODY = YES;
				CLANG_WARN_ENUM_CONVERSION = YES;
				CLANG_WARN_INFINITE_RECURSION = YES;
				CLANG_WARN_INT_CONVERSION = YES;
				CLANG_WARN_NON_LITERAL_NULL_CONVERSION = YES;
				CLANG_WARN_OBJC_IMPLICIT_RETAIN_SELF = YES;
				CLANG_WARN_OBJC_LITERAL_CONVERSION = YES;
				CLANG_WARN_OBJC_ROOT_CLASS = YES_ERROR;
				CLANG_WARN_QUOTED_INCLUDE_IN_FRAMEWORK_HEADER = YES;
				CLANG_WARN_RANGE_LOOP_ANALYSIS = YES;
				CLANG_WARN_STRICT_PROTOTYPES = YES;
				CLANG_WARN_SUSPICIOUS_MOVE = YES;
				CLANG_WARN_UNGUARDED_AVAILABILITY = YES_AGGRESSIVE;
				CLANG_WARN_UNREACHABLE_CODE = YES;
				CLANG_WARN__DUPLICATE_METHOD_MATCH = YES;
				COPY_PHASE_STRIP = NO;
				DEBUG_INFORMATION_FORMAT = dwarf;
				DEVELOPMENT_TEAM = 46M4YL3TWW;
				ENABLE_STRICT_OBJC_MSGSEND = YES;
				ENABLE_TESTABILITY = YES;
				ENABLE_USER_SCRIPT_SANDBOXING = YES;
				GCC_C_LANGUAGE_STANDARD = gnu17;
				GCC_DYNAMIC_NO_PIC = NO;
				GCC_NO_COMMON_BLOCKS = YES;
				GCC_OPTIMIZATION_LEVEL = 0;
				GCC_PREPROCESSOR_DEFINITIONS = (
					"DEBUG=1",
					"$(inherited)",
				);
				GCC_WARN_64_TO_32_BIT_CONVERSION = YES;
				GCC_WARN_ABOUT_RETURN_TYPE = YES_ERROR;
				GCC_WARN_UNDECLARED_SELECTOR = YES;
				GCC_WARN_UNINITIALIZED_AUTOS = YES_AGGRESSIVE;
				GCC_WARN_UNUSED_FUNCTION = YES;
				GCC_WARN_UNUSED_VARIABLE = YES;
				IPHONEOS_DEPLOYMENT_TARGET = 26.0;
				LOCALIZATION_PREFERS_STRING_CATALOGS = YES;
				MTL_ENABLE_DEBUG_INFO = INCLUDE_SOURCE;
				MTL_FAST_MATH = YES;
				ONLY_ACTIVE_ARCH = YES;
				SDKROOT = iphoneos;
				SWIFT_ACTIVE_COMPILATION_CONDITIONS = "DEBUG $(inherited)";
				SWIFT_OPTIMIZATION_LEVEL = "-Onone";
			};
			name = Debug;
		};
		D87A72092F86BE3A0088A5BE /* Release */ = {
			isa = XCBuildConfiguration;
			buildSettings = {
				ALWAYS_SEARCH_USER_PATHS = NO;
				ASSETCATALOG_COMPILER_GENERATE_SWIFT_ASSET_SYMBOL_EXTENSIONS = YES;
				CLANG_ANALYZER_NONNULL = YES;
				CLANG_ANALYZER_NUMBER_OBJECT_CONVERSION = YES_AGGRESSIVE;
				CLANG_CXX_LANGUAGE_STANDARD = "gnu++20";
				CLANG_ENABLE_MODULES = YES;
				CLANG_ENABLE_OBJC_ARC = YES;
				CLANG_ENABLE_OBJC_WEAK = YES;
				CLANG_WARN_BLOCK_CAPTURE_AUTORELEASING = YES;
				CLANG_WARN_BOOL_CONVERSION = YES;
				CLANG_WARN_COMMA = YES;
				CLANG_WARN_CONSTANT_CONVERSION = YES;
				CLANG_WARN_DEPRECATED_OBJC_IMPLEMENTATIONS = YES;
				CLANG_WARN_DIRECT_OBJC_ISA_USAGE = YES_ERROR;
				CLANG_WARN_DOCUMENTATION_COMMENTS = YES;
				CLANG_WARN_EMPTY_BODY = YES;
				CLANG_WARN_ENUM_CONVERSION = YES;
				CLANG_WARN_INFINITE_RECURSION = YES;
				CLANG_WARN_INT_CONVERSION = YES;
				CLANG_WARN_NON_LITERAL_NULL_CONVERSION = YES;
				CLANG_WARN_OBJC_IMPLICIT_RETAIN_SELF = YES;
				CLANG_WARN_OBJC_LITERAL_CONVERSION = YES;
				CLANG_WARN_OBJC_ROOT_CLASS = YES_ERROR;
				CLANG_WARN_QUOTED_INCLUDE_IN_FRAMEWORK_HEADER = YES;
				CLANG_WARN_RANGE_LOOP_ANALYSIS = YES;
				CLANG_WARN_STRICT_PROTOTYPES = YES;
				CLANG_WARN_SUSPICIOUS_MOVE = YES;
				CLANG_WARN_UNGUARDED_AVAILABILITY = YES_AGGRESSIVE;
				CLANG_WARN_UNREACHABLE_CODE = YES;
				CLANG_WARN__DUPLICATE_METHOD_MATCH = YES;
				COPY_PHASE_STRIP = NO;
				DEBUG_INFORMATION_FORMAT = "dwarf-with-dsym";
				DEVELOPMENT_TEAM = 46M4YL3TWW;
				ENABLE_NS_ASSERTIONS = NO;
				ENABLE_STRICT_OBJC_MSGSEND = YES;
				ENABLE_USER_SCRIPT_SANDBOXING = YES;
				GCC_C_LANGUAGE_STANDARD = gnu17;
				GCC_NO_COMMON_BLOCKS = YES;
				GCC_WARN_64_TO_32_BIT_CONVERSION = YES;
				GCC_WARN_ABOUT_RETURN_TYPE = YES_ERROR;
				GCC_WARN_UNDECLARED_SELECTOR = YES;
				GCC_WARN_UNINITIALIZED_AUTOS = YES_AGGRESSIVE;
				GCC_WARN_UNUSED_FUNCTION = YES;
				GCC_WARN_UNUSED_VARIABLE = YES;
				IPHONEOS_DEPLOYMENT_TARGET = 26.0;
				LOCALIZATION_PREFERS_STRING_CATALOGS = YES;
				MTL_ENABLE_DEBUG_INFO = NO;
				MTL_FAST_MATH = YES;
				SDKROOT = iphoneos;
				SWIFT_COMPILATION_MODE = wholemodule;
				VALIDATE_PRODUCT = YES;
			};
			name = Release;
		};
		D87A720B2F86BE3A0088A5BE /* Debug */ = {
			isa = XCBuildConfiguration;
			buildSettings = {
				ASSETCATALOG_COMPILER_APPICON_NAME = AppIcon;
				ASSETCATALOG_COMPILER_GLOBAL_ACCENT_COLOR_NAME = AccentColor;
				CODE_SIGN_STYLE = Automatic;
				CURRENT_PROJECT_VERSION = 1;
				DEVELOPMENT_TEAM = 46M4YL3TWW;
				ENABLE_PREVIEWS = YES;
				GENERATE_INFOPLIST_FILE = YES;
				INFOPLIST_KEY_NSFaceIDUsageDescription = "We use FaceID to secure your financial data.";
				INFOPLIST_KEY_UIApplicationSceneManifest_Generation = YES;
				INFOPLIST_KEY_UIApplicationSupportsIndirectInputEvents = YES;
				INFOPLIST_KEY_UILaunchScreen_Generation = YES;
				INFOPLIST_KEY_UISupportedInterfaceOrientations_iPad = "UIInterfaceOrientationPortrait UIInterfaceOrientationPortraitUpsideDown UIInterfaceOrientationLandscapeLeft UIInterfaceOrientationLandscapeRight";
				INFOPLIST_KEY_UISupportedInterfaceOrientations_iPhone = "UIInterfaceOrientationPortrait UIInterfaceOrientationLandscapeLeft UIInterfaceOrientationLandscapeRight";
				LD_RUNPATH_SEARCH_PATHS = (
					"$(inherited)",
					"@executable_path/Frameworks",
				);
				MARKETING_VERSION = 1.0;
				PRODUCT_BUNDLE_IDENTIFIER = apple.safiq.AIFinanceCoach;
				PRODUCT_NAME = "$(TARGET_NAME)";
				STRING_CATALOG_GENERATE_SYMBOLS = YES;
				SWIFT_APPROACHABLE_CONCURRENCY = YES;
				SWIFT_DEFAULT_ACTOR_ISOLATION = MainActor;
				SWIFT_EMIT_LOC_STRINGS = YES;
				SWIFT_UPCOMING_FEATURE_MEMBER_IMPORT_VISIBILITY = YES;
				SWIFT_VERSION = 5.0;
				TARGETED_DEVICE_FAMILY = "1,2";
			};
			name = Debug;
		};
		D87A720C2F86BE3A0088A5BE /* Release */ = {
			isa = XCBuildConfiguration;
			buildSettings = {
				ASSETCATALOG_COMPILER_APPICON_NAME = AppIcon;
				ASSETCATALOG_COMPILER_GLOBAL_ACCENT_COLOR_NAME = AccentColor;
				CODE_SIGN_STYLE = Automatic;
				CURRENT_PROJECT_VERSION = 1;
				DEVELOPMENT_TEAM = 46M4YL3TWW;
				ENABLE_PREVIEWS = YES;
				GENERATE_INFOPLIST_FILE = YES;
				INFOPLIST_KEY_NSFaceIDUsageDescription = "We use FaceID to secure your financial data.";
				INFOPLIST_KEY_UIApplicationSceneManifest_Generation = YES;
				INFOPLIST_KEY_UIApplicationSupportsIndirectInputEvents = YES;
				INFOPLIST_KEY_UILaunchScreen_Generation = YES;
				INFOPLIST_KEY_UISupportedInterfaceOrientations_iPad = "UIInterfaceOrientationPortrait UIInterfaceOrientationPortraitUpsideDown UIInterfaceOrientationLandscapeLeft UIInterfaceOrientationLandscapeRight";
				INFOPLIST_KEY_UISupportedInterfaceOrientations_iPhone = "UIInterfaceOrientationPortrait UIInterfaceOrientationLandscapeLeft UIInterfaceOrientationLandscapeRight";
				LD_RUNPATH_SEARCH_PATHS = (
					"$(inherited)",
					"@executable_path/Frameworks",
				);
				MARKETING_VERSION = 1.0;
				PRODUCT_BUNDLE_IDENTIFIER = apple.safiq.AIFinanceCoach;
				PRODUCT_NAME = "$(TARGET_NAME)";
				STRING_CATALOG_GENERATE_SYMBOLS = YES;
				SWIFT_APPROACHABLE_CONCURRENCY = YES;
				SWIFT_DEFAULT_ACTOR_ISOLATION = MainActor;
				SWIFT_EMIT_LOC_STRINGS = YES;
				SWIFT_UPCOMING_FEATURE_MEMBER_IMPORT_VISIBILITY = YES;
				SWIFT_VERSION = 5.0;
				TARGETED_DEVICE_FAMILY = "1,2";
			};
			name = Release;
		};
		D87A720E2F86BE3A0088A5BE /* Debug */ = {
			isa = XCBuildConfiguration;
			buildSettings = {
				BUNDLE_LOADER = "$(TEST_HOST)";
				CODE_SIGN_STYLE = Automatic;
				CURRENT_PROJECT_VERSION = 1;
				DEVELOPMENT_TEAM = 46M4YL3TWW;
				GENERATE_INFOPLIST_FILE = YES;
				IPHONEOS_DEPLOYMENT_TARGET = 26.0;
				MARKETING_VERSION = 1.0;
				PRODUCT_BUNDLE_IDENTIFIER = apple.safiq.AIFinanceCoachTests;
				PRODUCT_NAME = "$(TARGET_NAME)";
				STRING_CATALOG_GENERATE_SYMBOLS = NO;
				SWIFT_APPROACHABLE_CONCURRENCY = YES;
				SWIFT_EMIT_LOC_STRINGS = NO;
				SWIFT_UPCOMING_FEATURE_MEMBER_IMPORT_VISIBILITY = YES;
				SWIFT_VERSION = 5.0;
				TARGETED_DEVICE_FAMILY = "1,2";
				TEST_HOST = "$(BUILT_PRODUCTS_DIR)/AIFinanceCoach.app/$(BUNDLE_EXECUTABLE_FOLDER_PATH)/AIFinanceCoach";
			};
			name = Debug;
		};
		D87A720F2F86BE3A0088A5BE /* Release */ = {
			isa = XCBuildConfiguration;
			buildSettings = {
				BUNDLE_LOADER = "$(TEST_HOST)";
				CODE_SIGN_STYLE = Automatic;
				CURRENT_PROJECT_VERSION = 1;
				DEVELOPMENT_TEAM = 46M4YL3TWW;
				GENERATE_INFOPLIST_FILE = YES;
				IPHONEOS_DEPLOYMENT_TARGET = 26.0;
				MARKETING_VERSION = 1.0;
				PRODUCT_BUNDLE_IDENTIFIER = apple.safiq.AIFinanceCoachTests;
				PRODUCT_NAME = "$(TARGET_NAME)";
				STRING_CATALOG_GENERATE_SYMBOLS = NO;
				SWIFT_APPROACHABLE_CONCURRENCY = YES;
				SWIFT_EMIT_LOC_STRINGS = NO;
				SWIFT_UPCOMING_FEATURE_MEMBER_IMPORT_VISIBILITY = YES;
				SWIFT_VERSION = 5.0;
				TARGETED_DEVICE_FAMILY = "1,2";
				TEST_HOST = "$(BUILT_PRODUCTS_DIR)/AIFinanceCoach.app/$(BUNDLE_EXECUTABLE_FOLDER_PATH)/AIFinanceCoach";
			};
			name = Release;
		};
		D87A72112F86BE3A0088A5BE /* Debug */ = {
			isa = XCBuildConfiguration;
			buildSettings = {
				CODE_SIGN_STYLE = Automatic;
				CURRENT_PROJECT_VERSION = 1;
				DEVELOPMENT_TEAM = 46M4YL3TWW;
				GENERATE_INFOPLIST_FILE = YES;
				MARKETING_VERSION = 1.0;
				PRODUCT_BUNDLE_IDENTIFIER = apple.safiq.AIFinanceCoachUITests;
				PRODUCT_NAME = "$(TARGET_NAME)";
				STRING_CATALOG_GENERATE_SYMBOLS = NO;
				SWIFT_APPROACHABLE_CONCURRENCY = YES;
				SWIFT_EMIT_LOC_STRINGS = NO;
				SWIFT_UPCOMING_FEATURE_MEMBER_IMPORT_VISIBILITY = YES;
				SWIFT_VERSION = 5.0;
				TARGETED_DEVICE_FAMILY = "1,2";
				TEST_TARGET_NAME = AIFinanceCoach;
			};
			name = Debug;
		};
		D87A72122F86BE3A0088A5BE /* Release */ = {
			isa = XCBuildConfiguration;
			buildSettings = {
				CODE_SIGN_STYLE = Automatic;
				CURRENT_PROJECT_VERSION = 1;
				DEVELOPMENT_TEAM = 46M4YL3TWW;
				GENERATE_INFOPLIST_FILE = YES;
				MARKETING_VERSION = 1.0;
				PRODUCT_BUNDLE_IDENTIFIER = apple.safiq.AIFinanceCoachUITests;
				PRODUCT_NAME = "$(TARGET_NAME)";
				STRING_CATALOG_GENERATE_SYMBOLS = NO;
				SWIFT_APPROACHABLE_CONCURRENCY = YES;
				SWIFT_EMIT_LOC_STRINGS = NO;
				SWIFT_UPCOMING_FEATURE_MEMBER_IMPORT_VISIBILITY = YES;
				SWIFT_VERSION = 5.0;
				TARGETED_DEVICE_FAMILY = "1,2";
				TEST_TARGET_NAME = AIFinanceCoach;
			};
			name = Release;
		};
/* End XCBuildConfiguration section */

/* Begin XCConfigurationList section */
		D87A71E42F86BE380088A5BE /* Build configuration list for PBXProject "AIFinanceCoach" */ = {
			isa = XCConfigurationList;
			buildConfigurations = (
				D87A72082F86BE3A0088A5BE /* Debug */,
				D87A72092F86BE3A0088A5BE /* Release */,
			);
			defaultConfigurationIsVisible = 0;
			defaultConfigurationName = Release;
		};
		D87A720A2F86BE3A0088A5BE /* Build configuration list for PBXNativeTarget "AIFinanceCoach" */ = {
			isa = XCConfigurationList;
			buildConfigurations = (
				D87A720B2F86BE3A0088A5BE /* Debug */,
				D87A720C2F86BE3A0088A5BE /* Release */,
			);
			defaultConfigurationIsVisible = 0;
			defaultConfigurationName = Release;
		};
		D87A720D2F86BE3A0088A5BE /* Build configuration list for PBXNativeTarget "AIFinanceCoachTests" */ = {
			isa = XCConfigurationList;
			buildConfigurations = (
				D87A720E2F86BE3A0088A5BE /* Debug */,
				D87A720F2F86BE3A0088A5BE /* Release */,
			);
			defaultConfigurationIsVisible = 0;
			defaultConfigurationName = Release;
		};
		D87A72102F86BE3A0088A5BE /* Build configuration list for PBXNativeTarget "AIFinanceCoachUITests" */ = {
			isa = XCConfigurationList;
			buildConfigurations = (
				D87A72112F86BE3A0088A5BE /* Debug */,
				D87A72122F86BE3A0088A5BE /* Release */,
			);
			defaultConfigurationIsVisible = 0;
			defaultConfigurationName = Release;
		};
/* End XCConfigurationList section */

/* Begin XCVersionGroup section */
		D87A721A2F86BE990088A5BE /* AIFinanceCoach.xcdatamodeld */ = {
			isa = XCVersionGroup;
			children = (
				D87A722F2F86BE990088A5BE /* AIFinanceCoach.xcdatamodel */,
			);
			currentVersion = D87A722F2F86BE990088A5BE /* AIFinanceCoach.xcdatamodel */;
			path = AIFinanceCoach.xcdatamodeld;
			sourceTree = "<group>";
			versionGroupType = wrapper.xcdatamodel;
		};
/* End XCVersionGroup section */
	};
	rootObject = D87A71E12F86BE380088A5BE /* Project object */;
}
